
Microsoft Visual Studio Solution File, Format Version 12.00
# Visual Studio Version 17
VisualStudioVersion = 17.10.35122.118
MinimumVisualStudioVersion = 10.0.40219.1
Project("{FAE04EC0-301F-11D3-BF4B-00C04F79EFBC}") = "PingSample", "PingSample\PingSample.csproj", "{00AF4C17-C904-42BD-93EB-8541BED6ADDE}"
EndProject
Global
	GlobalSection(SolutionConfigurationPlatforms) = preSolution
		Debug|Any CPU = Debug|Any CPU
		Release|Any CPU = Release|Any CPU
	EndGlobalSection
	GlobalSection(ProjectConfigurationPlatforms) = postSolution
		{00AF4C17-C904-42BD-93EB-8541BED6ADDE}.Debug|Any CPU.ActiveCfg = Debug|Any CPU
		{00AF4C17-C904-42BD-93EB-8541BED6ADDE}.Debug|Any CPU.Build.0 = Debug|Any CPU
		{00AF4C17-C904-42BD-93EB-8541BED6ADDE}.Release|Any CPU.ActiveCfg = Release|Any CPU
		{00AF4C17-C904-42BD-93EB-8541BED6ADDE}.Release|Any CPU.Build.0 = Release|Any CPU
	EndGlobalSection
	GlobalSection(SolutionProperties) = preSolution
		HideSolutionNode = FALSE
	EndGlobalSection
	GlobalSection(ExtensibilityGlobals) = postSolution
		SolutionGuid = {2AC53B16-C97E-4569-847E-A2AA6FF7C172}
	EndGlobalSection
EndGlobal
